// !$*UTF8*$!
{
	archiveVersion = 1;
	classes = {
	};
	objectVersion = 50;
	objects = {

/* Begin PBXBuildFile section */
		84697D0E22B024EA008BA653 /* AppDelegate.swift in Sources */ = {isa = PBXBuildFile; fileRef = 84697D0D22B024EA008BA653 /* AppDelegate.swift */; };
		84697D1022B024EA008BA653 /* ViewController.swift in Sources */ = {isa = PBXBuildFile; fileRef = 84697D0F22B024EA008BA653 /* ViewController.swift */; };
		84697D1322B024EA008BA653 /* Main.storyboard in Resources */ = {isa = PBXBuildFile; fileRef = 84697D1122B024EA008BA653 /* Main.storyboard */; };
		84697D1522B024EB008BA653 /* Assets.xcassets in Resources */ = {isa = PBXBuildFile; fileRef = 84697D1422B024EB008BA653 /* Assets.xcassets */; };
		84697D1822B024EB008BA653 /* LaunchScreen.storyboard in Resources */ = {isa = PBXBuildFile; fileRef = 84697D1622B024EB008BA653 /* LaunchScreen.storyboard */; };
		84697D2122B02646008BA653 /* NativeiOS.swift in Sources */ = {isa = PBXBuildFile; fileRef = 84697D2022B02646008BA653 /* NativeiOS.swift */; };
		84697D2522B02CA9008BA653 /* NativeiOSBridge.mm in Resources */ = {isa = PBXBuildFile; fileRef = 84697D2422B02CA9008BA653 /* NativeiOSBridge.mm */; };
/* End PBXBuildFile section */

/* Begin PBXFileReference section */
		841CAE7022B540A900828A69 /* iOSClient-Bridging-Header.h */ = {isa = PBXFileReference; lastKnownFileType = sourcecode.c.h; path = "iOSClient-Bridging-Header.h"; sourceTree = "<group>"; };
		84697D0A22B024EA008BA653 /* iOSClient.app */ = {isa = PBXFileReference; explicitFileType = wrapper.application; includeInIndex = 0; path = iOSClient.app; sourceTree = BUILT_PRODUCTS_DIR; };
		84697D0D22B024EA008BA653 /* AppDelegate.swift */ = {isa = PBXFileReference; lastKnownFileType = sourcecode.swift; path = AppDelegate.swift; sourceTree = "<group>"; };
		84697D0F22B024EA008BA653 /* ViewController.swift */ = {isa = PBXFileReference; lastKnownFileType = sourcecode.swift; path = ViewController.swift; sourceTree = "<group>"; };
		84697D1222B024EA008BA653 /* Base */ = {isa = PBXFileReference; lastKnownFileType = file.storyboard; name = Base; path = Base.lproj/Main.storyboard; sourceTree = "<group>"; };
		84697D1422B024EB008BA653 /* Assets.xcassets */ = {isa = PBXFileReference; lastKnownFileType = folder.assetcatalog; path = Assets.xcassets; sourceTree = "<group>"; };
		84697D1722B024EB008BA653 /* Base */ = {isa = PBXFileReference; lastKnownFileType = file.storyboard; name = Base; path = Base.lproj/LaunchScreen.storyboard; sourceTree = "<group>"; };
		84697D1922B024EB008BA653 /* Info.plist */ = {isa = PBXFileReference; lastKnownFileType = text.plist.xml; path = Info.plist; sourceTree = "<group>"; };
		84697D2022B02646008BA653 /* NativeiOS.swift */ = {isa = PBXFileReference; lastKnownFileType = sourcecode.swift; path = NativeiOS.swift; sourceTree = "<group>"; };
		84697D2422B02CA9008BA653 /* NativeiOSBridge.mm */ = {isa = PBXFileReference; lastKnownFileType = sourcecode.cpp.objcpp; path = NativeiOSBridge.mm; sourceTree = "<group>"; };
/* End PBXFileReference section */

/* Begin PBXFrameworksBuildPhase section */
		84697D0722B024EA008BA653 /* Frameworks */ = {
			isa = PBXFrameworksBuildPhase;
			buildActionMask = 2147483647;
			files = (
			);
			runOnlyForDeploymentPostprocessing = 0;
		};
/* End PBXFrameworksBuildPhase section */

/* Begin PBXGroup section */
		84697D0122B024EA008BA653 = {
			isa = PBXGroup;
			children = (
				84697D0C22B024EA008BA653 /* iOSClient */,
				84697D0B22B024EA008BA653 /* Products */,
			);
			sourceTree = "<group>";
		};
		84697D0B22B024EA008BA653 /* Products */ = {
			isa = PBXGroup;
			children = (
				84697D0A22B024EA008BA653 /* iOSClient.app */,
			);
			name = Products;
			sourceTree = "<group>";
		};
		84697D0C22B024EA008BA653 /* iOSClient */ = {
			isa = PBXGroup;
			children = (
				84697D1F22B02580008BA653 /* unitysharing */,
				84697D0D22B024EA008BA653 /* AppDelegate.swift */,
				84697D0F22B024EA008BA653 /* ViewController.swift */,
				84697D1122B024EA008BA653 /* Main.storyboard */,
				84697D1422B024EB008BA653 /* Assets.xcassets */,
				84697D1622B024EB008BA653 /* LaunchScreen.storyboard */,
				84697D1922B024EB008BA653 /* Info.plist */,
			);
			path = iOSClient;
			sourceTree = "<group>";
		};
		84697D1F22B02580008BA653 /* unitysharing */ = {
			isa = PBXGroup;
			children = (
				84697D2022B02646008BA653 /* NativeiOS.swift */,
				84697D2422B02CA9008BA653 /* NativeiOSBridge.mm */,
				841CAE7022B540A900828A69 /* iOSClient-Bridging-Header.h */,
			);
			path = unitysharing;
			sourceTree = "<group>";
		};
/* End PBXGroup section */

/* Begin PBXNativeTarget section */
		84697D0922B024EA008BA653 /* iOSClient */ = {
			isa = PBXNativeTarget;
			buildConfigurationList = 84697D1C22B024EB008BA653 /* Build configuration list for PBXNativeTarget "iOSClient" */;
			buildPhases = (
				84697D0622B024EA008BA653 /* Sources */,
				84697D0722B024EA008BA653 /* Frameworks */,
				84697D0822B024EA008BA653 /* Resources */,
			);
			buildRules = (
			);
			dependencies = (
			);
			name = iOSClient;
			productName = iOSClient;
			productReference = 84697D0A22B024EA008BA653 /* iOSClient.app */;
			productType = "com.apple.product-type.application";
		};
/* End PBXNativeTarget section */

/* Begin PBXProject section */
		84697D0222B024EA008BA653 /* Project object */ = {
			isa = PBXProject;
			attributes = {
				LastSwiftUpdateCheck = 1020;
				LastUpgradeCheck = 1020;
				ORGANIZATIONNAME = Suneet;
				TargetAttributes = {
					84697D0922B024EA008BA653 = {
						CreatedOnToolsVersion = 10.2.1;
					};
				};
			};
			buildConfigurationList = 84697D0522B024EA008BA653 /* Build configuration list for PBXProject "iOSClient" */;
			compatibilityVersion = "Xcode 9.3";
			developmentRegion = en;
			hasScannedForEncodings = 0;
			knownRegions = (
				en,
				Base,
			);
			mainGroup = 84697D0122B024EA008BA653;
			productRefGroup = 84697D0B22B024EA008BA653 /* Products */;
			projectDirPath = "";
			projectRoot = "";
			targets = (
				84697D0922B024EA008BA653 /* iOSClient */,
			);
		};
/* End PBXProject section */

/* Begin PBXResourcesBuildPhase section */
		84697D0822B024EA008BA653 /* Resources */ = {
			isa = PBXResourcesBuildPhase;
			buildActionMask = 2147483647;
			files = (
				84697D1822B024EB008BA653 /* LaunchScreen.storyboard in Resources */,
				84697D1522B024EB008BA653 /* Assets.xcassets in Resources */,
				84697D2522B02CA9008BA653 /* NativeiOSBridge.mm in Resources */,
				84697D1322B024EA008BA653 /* Main.storyboard in Resources */,
			);
			runOnlyForDeploymentPostprocessing = 0;
		};
/* End PBXResourcesBuildPhase section */

/* Begin PBXSourcesBuildPhase section */
		84697D0622B024EA008BA653 /* Sources */ = {
			isa = PBXSourcesBuildPhase;
			buildActionMask = 2147483647;
			files = (
				84697D1022B024EA008BA653 /* ViewController.swift in Sources */,
				84697D0E22B024EA008BA653 /* AppDelegate.swift in Sources */,
				84697D2122B02646008BA653 /* NativeiOS.swift in Sources */,
			);
			runOnlyForDeploymentPostprocessing = 0;
		};
/* End PBXSourcesBuildPhase section */

/* Begin PBXVariantGroup section */
		84697D1122B024EA008BA653 /* Main.storyboard */ = {
			isa = PBXVariantGroup;
			children = (
				84697D1222B024EA008BA653 /* Base */,
			);
			name = Main.storyboard;
			sourceTree = "<group>";
		};
		84697D1622B024EB008BA653 /* LaunchScreen.storyboard */ = {
			isa = PBXVariantGroup;
			children = (
				84697D1722B024EB008BA653 /* Base */,
			);
			name = LaunchScreen.storyboard;
			sourceTree = "<group>";
		};
/* End PBXVariantGroup section */

/* Begin XCBuildConfiguration section */
		84697D1A22B024EB008BA653 /* Debug */ = {
			isa = XCBuildConfiguration;
			buildSettings = {
				ALWAYS_SEARCH_USER_PATHS = NO;
				CLANG_ANALYZER_NONNULL = YES;
				CLANG_ANALYZER_NUMBER_OBJECT_CONVERSION = YES_AGGRESSIVE;
				CLANG_CXX_LANGUAGE_STANDARD = "gnu++14";
				CLANG_CXX_LIBRARY = "libc++";
				CLANG_ENABLE_MODULES = YES;
				CLANG_ENABLE_OBJC_ARC = YES;
				CLANG_ENABLE_OBJC_WEAK = YES;
				CLANG_WARN_BLOCK_CAPTURE_AUTORELEASING = YES;
				CLANG_WARN_BOOL_CONVERSION = YES;
				CLANG_WARN_COMMA = YES;
				CLANG_WARN_CONSTANT_CONVERSION = YES;
				CLANG_WARN_DEPRECATED_OBJC_IMPLEMENTATIONS = YES;
				CLANG_WARN_DIRECT_OBJC_ISA_USAGE = YES_ERROR;
				CLANG_WARN_DOCUMENTATION_COMMENTS = YES;
				CLANG_WARN_EMPTY_BODY = YES;
				CLANG_WARN_ENUM_CONVERSION = YES;
				CLANG_WARN_INFINITE_RECURSION = YES;
				CLANG_WARN_INT_CONVERSION = YES;
				CLANG_WARN_NON_LITERAL_NULL_CONVERSION = YES;
				CLANG_WARN_OBJC_IMPLICIT_RETAIN_SELF = YES;
				CLANG_WARN_OBJC_LITERAL_CONVERSION = YES;
				CLANG_WARN_OBJC_ROOT_CLASS = YES_ERROR;
				CLANG_WARN_RANGE_LOOP_ANALYSIS = YES;
				CLANG_WARN_STRICT_PROTOTYPES = YES;
				CLANG_WARN_SUSPICIOUS_MOVE = YES;
				CLANG_WARN_UNGUARDED_AVAILABILITY = YES_AGGRESSIVE;
				CLANG_WARN_UNREACHABLE_CODE = YES;
				CLANG_WARN__DUPLICATE_METHOD_MATCH = YES;
				CODE_SIGN_IDENTITY = "iPhone Developer";
				COPY_PHASE_STRIP = NO;
				DEBUG_INFORMATION_FORMAT = dwarf;
				ENABLE_STRICT_OBJC_MSGSEND = YES;
				ENABLE_TESTABILITY = YES;
				GCC_C_LANGUAGE_STANDARD = gnu11;
				GCC_DYNAMIC_NO_PIC = NO;
				GCC_NO_COMMON_BLOCKS = YES;
				GCC_OPTIMIZATION_LEVEL = 0;
				GCC_PREPROCESSOR_DEFINITIONS = (
					"DEBUG=1",
					"$(inherited)",
				);
				GCC_WARN_64_TO_32_BIT_CONVERSION = YES;
				GCC_WARN_ABOUT_RETURN_TYPE = YES_ERROR;
				GCC_WARN_UNDECLARED_SELECTOR = YES;
				GCC_WARN_UNINITIALIZED_AUTOS = YES_AGGRESSIVE;
				GCC_WARN_UNUSED_FUNCTION = YES;
				GCC_WARN_UNUSED_VARIABLE = YES;
				IPHONEOS_DEPLOYMENT_TARGET = 12.2;
				MTL_ENABLE_DEBUG_INFO = INCLUDE_SOURCE;
				MTL_FAST_MATH = YES;
				ONLY_ACTIVE_ARCH = YES;
				SDKROOT = iphoneos;
				SWIFT_ACTIVE_COMPILATION_CONDITIONS = DEBUG;
				SWIFT_OPTIMIZATION_LEVEL = "-Onone";
			};
			name = Debug;
		};
		84697D1B22B024EB008BA653 /* Release */ = {
			isa = XCBuildConfiguration;
			buildSettings = {
				ALWAYS_SEARCH_USER_PATHS = NO;
				CLANG_ANALYZER_NONNULL = YES;
				CLANG_ANALYZER_NUMBER_OBJECT_CONVERSION = YES_AGGRESSIVE;
				CLANG_CXX_LANGUAGE_STANDARD = "gnu++14";
				CLANG_CXX_LIBRARY = "libc++";
				CLANG_ENABLE_MODULES = YES;
				CLANG_ENABLE_OBJC_ARC = YES;
				CLANG_ENABLE_OBJC_WEAK = YES;
				CLANG_WARN_BLOCK_CAPTURE_AUTORELEASING = YES;
				CLANG_WARN_BOOL_CONVERSION = YES;
				CLANG_WARN_COMMA = YES;
				CLANG_WARN_CONSTANT_CONVERSION = YES;
				CLANG_WARN_DEPRECATED_OBJC_IMPLEMENTATIONS = YES;
				CLANG_WARN_DIRECT_OBJC_ISA_USAGE = YES_ERROR;
				CLANG_WARN_DOCUMENTATION_COMMENTS = YES;
				CLANG_WARN_EMPTY_BODY = YES;
				CLANG_WARN_ENUM_CONVERSION = YES;
				CLANG_WARN_INFINITE_RECURSION = YES;
				CLANG_WARN_INT_CONVERSION = YES;
				CLANG_WARN_NON_LITERAL_NULL_CONVERSION = YES;
				CLANG_WARN_OBJC_IMPLICIT_RETAIN_SELF = YES;
				CLANG_WARN_OBJC_LITERAL_CONVERSION = YES;
				CLANG_WARN_OBJC_ROOT_CLASS = YES_ERROR;
				CLANG_WARN_RANGE_LOOP_ANALYSIS = YES;
				CLANG_WARN_STRICT_PROTOTYPES = YES;
				CLANG_WARN_SUSPICIOUS_MOVE = YES;
				CLANG_WARN_UNGUARDED_AVAILABILITY = YES_AGGRESSIVE;
				CLANG_WARN_UNREACHABLE_CODE = YES;
				CLANG_WARN__DUPLICATE_METHOD_MATCH = YES;
				CODE_SIGN_IDENTITY = "iPhone Developer";
				COPY_PHASE_STRIP = NO;
				DEBUG_INFORMATION_FORMAT = "dwarf-with-dsym";
				ENABLE_NS_ASSERTIONS = NO;
				ENABLE_STRICT_OBJC_MSGSEND = YES;
				GCC_C_LANGUAGE_STANDARD = gnu11;
				GCC_NO_COMMON_BLOCKS = YES;
				GCC_WARN_64_TO_32_BIT_CONVERSION = YES;
				GCC_WARN_ABOUT_RETURN_TYPE = YES_ERROR;
				GCC_WARN_UNDECLARED_SELECTOR = YES;
				GCC_WARN_UNINITIALIZED_AUTOS = YES_AGGRESSIVE;
				GCC_WARN_UNUSED_FUNCTION = YES;
				GCC_WARN_UNUSED_VARIABLE = YES;
				IPHONEOS_DEPLOYMENT_TARGET = 12.2;
				MTL_ENABLE_DEBUG_INFO = NO;
				MTL_FAST_MATH = YES;
				SDKROOT = iphoneos;
				SWIFT_COMPILATION_MODE = wholemodule;
				SWIFT_OPTIMIZATION_LEVEL = "-O";
				VALIDATE_PRODUCT = YES;
			};
			name = Release;
		};
		84697D1D22B024EB008BA653 /* Debug */ = {
			isa = XCBuildConfiguration;
			buildSettings = {
				ASSETCATALOG_COMPILER_APPICON_NAME = AppIcon;
				CODE_SIGN_STYLE = Automatic;
				DEVELOPMENT_TEAM = 5ZEXA487Y8;
				INFOPLIST_FILE = iOSClient/Info.plist;
				LD_RUNPATH_SEARCH_PATHS = (
					"$(inherited)",
					"@executable_path/Frameworks",
				);
				PRODUCT_BUNDLE_IDENTIFIER = com.agrawalsuneet.iosclient.iOSClient;
				PRODUCT_NAME = "$(TARGET_NAME)";
				SWIFT_VERSION = 5.0;
				TARGETED_DEVICE_FAMILY = "1,2";
			};
			name = Debug;
		};
		84697D1E22B024EB008BA653 /* Release */ = {
			isa = XCBuildConfiguration;
			buildSettings = {
				ASSETCATALOG_COMPILER_APPICON_NAME = AppIcon;
				CODE_SIGN_STYLE = Automatic;
				DEVELOPMENT_TEAM = 5ZEXA487Y8;
				INFOPLIST_FILE = iOSClient/Info.plist;
				LD_RUNPATH_SEARCH_PATHS = (
					"$(inherited)",
					"@executable_path/Frameworks",
				);
				PRODUCT_BUNDLE_IDENTIFIER = com.agrawalsuneet.iosclient.iOSClient;
				PRODUCT_NAME = "$(TARGET_NAME)";
				SWIFT_VERSION = 5.0;
				TARGETED_DEVICE_FAMILY = "1,2";
			};
			name = Release;
		};
/* End XCBuildConfiguration section */

/* Begin XCConfigurationList section */
		84697D0522B024EA008BA653 /* Build configuration list for PBXProject "iOSClient" */ = {
			isa = XCConfigurationList;
			buildConfigurations = (
				84697D1A22B024EB008BA653 /* Debug */,
				84697D1B22B024EB008BA653 /* Release */,
			);
			defaultConfigurationIsVisible = 0;
			defaultConfigurationName = Release;
		};
		84697D1C22B024EB008BA653 /* Build configuration list for PBXNativeTarget "iOSClient" */ = {
			isa = XCConfigurationList;
			buildConfigurations = (
				84697D1D22B024EB008BA653 /* Debug */,
				84697D1E22B024EB008BA653 /* Release */,
			);
			defaultConfigurationIsVisible = 0;
			defaultConfigurationName = Release;
		};
/* End XCConfigurationList section */
	};
	rootObject = 84697D0222B024EA008BA653 /* Project object */;
}
